
Microsoft Visual Studio Solution File, Format Version 12.00
Project("{FAE04EC0-301F-11D3-BF4B-00C04F79EFBC}") = "RobotDomain", "RobotDomain\RobotDomain.csproj", "{55EE5E75-DFA4-4266-B056-67CB9C0A0857}"
EndProject
Project("{FAE04EC0-301F-11D3-BF4B-00C04F79EFBC}") = "Test", "Test\Test.csproj", "{78D4CC1D-A43E-4083-BA0B-C4177CDB0F17}"
EndProject
Project("{FAE04EC0-301F-11D3-BF4B-00C04F79EFBC}") = "MaydayDomain", "MaydayDomain\MaydayDomain.csproj", "{3DDBCBE1-B99E-4084-9315-8092321A2CAE}"
EndProject
Project("{FAE04EC0-301F-11D3-BF4B-00C04F79EFBC}") = "ManualBehavior", "ManualBehavior\ManualBehavior.csproj", "{99958D3C-A325-46B3-AD98-0DBA54FCD275}"
EndProject
Project("{FAE04EC0-301F-11D3-BF4B-00C04F79EFBC}") = "Generic", "Generic\Generic.csproj", "{5BA9A8F3-756D-4275-ACA5-70315632AA65}"
EndProject
Project("{FAE04EC0-301F-11D3-BF4B-00C04F79EFBC}") = "Main", "Main\Main.csproj", "{893FFD73-0B9C-424C-8F91-318778DE1F83}"
EndProject
Project("{FAE04EC0-301F-11D3-BF4B-00C04F79EFBC}") = "Dynamixel", "Dynamixel\Dynamixel.csproj", "{3688333A-A6B8-40E4-9389-15A7229EEE59}"
EndProject
Project("{FAE04EC0-301F-11D3-BF4B-00C04F79EFBC}") = "MauiApp1", "MauiApp1\MauiApp1.csproj", "{7F8E6686-C99D-4039-A7F5-ECC4DE0F6E5D}"
EndProject
Global
	GlobalSection(SolutionConfigurationPlatforms) = preSolution
		Debug|Any CPU = Debug|Any CPU
		Release|Any CPU = Release|Any CPU
	EndGlobalSection
	GlobalSection(ProjectConfigurationPlatforms) = postSolution
		{55EE5E75-DFA4-4266-B056-67CB9C0A0857}.Debug|Any CPU.ActiveCfg = Debug|Any CPU
		{55EE5E75-DFA4-4266-B056-67CB9C0A0857}.Debug|Any CPU.Build.0 = Debug|Any CPU
		{55EE5E75-DFA4-4266-B056-67CB9C0A0857}.Release|Any CPU.ActiveCfg = Release|Any CPU
		{55EE5E75-DFA4-4266-B056-67CB9C0A0857}.Release|Any CPU.Build.0 = Release|Any CPU
		{78D4CC1D-A43E-4083-BA0B-C4177CDB0F17}.Debug|Any CPU.ActiveCfg = Debug|Any CPU
		{78D4CC1D-A43E-4083-BA0B-C4177CDB0F17}.Debug|Any CPU.Build.0 = Debug|Any CPU
		{78D4CC1D-A43E-4083-BA0B-C4177CDB0F17}.Release|Any CPU.ActiveCfg = Release|Any CPU
		{78D4CC1D-A43E-4083-BA0B-C4177CDB0F17}.Release|Any CPU.Build.0 = Release|Any CPU
		{3DDBCBE1-B99E-4084-9315-8092321A2CAE}.Debug|Any CPU.ActiveCfg = Debug|Any CPU
		{3DDBCBE1-B99E-4084-9315-8092321A2CAE}.Debug|Any CPU.Build.0 = Debug|Any CPU
		{3DDBCBE1-B99E-4084-9315-8092321A2CAE}.Release|Any CPU.ActiveCfg = Release|Any CPU
		{3DDBCBE1-B99E-4084-9315-8092321A2CAE}.Release|Any CPU.Build.0 = Release|Any CPU
		{99958D3C-A325-46B3-AD98-0DBA54FCD275}.Debug|Any CPU.ActiveCfg = Debug|Any CPU
		{99958D3C-A325-46B3-AD98-0DBA54FCD275}.Debug|Any CPU.Build.0 = Debug|Any CPU
		{99958D3C-A325-46B3-AD98-0DBA54FCD275}.Release|Any CPU.ActiveCfg = Release|Any CPU
		{99958D3C-A325-46B3-AD98-0DBA54FCD275}.Release|Any CPU.Build.0 = Release|Any CPU
		{5BA9A8F3-756D-4275-ACA5-70315632AA65}.Debug|Any CPU.ActiveCfg = Debug|Any CPU
		{5BA9A8F3-756D-4275-ACA5-70315632AA65}.Debug|Any CPU.Build.0 = Debug|Any CPU
		{5BA9A8F3-756D-4275-ACA5-70315632AA65}.Release|Any CPU.ActiveCfg = Release|Any CPU
		{5BA9A8F3-756D-4275-ACA5-70315632AA65}.Release|Any CPU.Build.0 = Release|Any CPU
		{893FFD73-0B9C-424C-8F91-318778DE1F83}.Debug|Any CPU.ActiveCfg = Debug|Any CPU
		{893FFD73-0B9C-424C-8F91-318778DE1F83}.Debug|Any CPU.Build.0 = Debug|Any CPU
		{893FFD73-0B9C-424C-8F91-318778DE1F83}.Release|Any CPU.ActiveCfg = Release|Any CPU
		{893FFD73-0B9C-424C-8F91-318778DE1F83}.Release|Any CPU.Build.0 = Release|Any CPU
		{3688333A-A6B8-40E4-9389-15A7229EEE59}.Debug|Any CPU.ActiveCfg = Debug|Any CPU
		{3688333A-A6B8-40E4-9389-15A7229EEE59}.Debug|Any CPU.Build.0 = Debug|Any CPU
		{3688333A-A6B8-40E4-9389-15A7229EEE59}.Release|Any CPU.ActiveCfg = Release|Any CPU
		{3688333A-A6B8-40E4-9389-15A7229EEE59}.Release|Any CPU.Build.0 = Release|Any CPU
		{7F8E6686-C99D-4039-A7F5-ECC4DE0F6E5D}.Debug|Any CPU.ActiveCfg = Debug|Any CPU
		{7F8E6686-C99D-4039-A7F5-ECC4DE0F6E5D}.Debug|Any CPU.Build.0 = Debug|Any CPU
		{7F8E6686-C99D-4039-A7F5-ECC4DE0F6E5D}.Release|Any CPU.ActiveCfg = Release|Any CPU
		{7F8E6686-C99D-4039-A7F5-ECC4DE0F6E5D}.Release|Any CPU.Build.0 = Release|Any CPU
	EndGlobalSection
EndGlobal
